
Microsoft Visual Studio Solution File, Format Version 12.00
# Visual Studio Version 16
VisualStudioVersion = 16.0.31019.35
MinimumVisualStudioVersion = 10.0.40219.1
Project("{FAE04EC0-301F-11D3-BF4B-00C04F79EFBC}") = "Library.Api", "Library.Api\Library.Api.csproj", "{753A2EAC-F376-435D-B567-493D5DB6FB0D}"
EndProject
Project("{FAE04EC0-301F-11D3-BF4B-00C04F79EFBC}") = "Library.Core", "Library.Core\Library.Core.csproj", "{ED4532F1-2FFC-48D3-91DD-952897091D71}"
EndProject
Project("{FAE04EC0-301F-11D3-BF4B-00C04F79EFBC}") = "Library.Infrastructure", "Library.Infrastructure\Library.Infrastructure.csproj", "{83139C19-D81B-4C94-BC88-15C1C4F7162C}"
EndProject
Project("{2150E333-8FDC-42A3-9474-1A3956D46DE8}") = "Test", "Test", "{9E061A7D-8A94-4200-A57D-13357E6DB7E0}"
EndProject
Project("{FAE04EC0-301F-11D3-BF4B-00C04F79EFBC}") = "Library.UnitTest", "Library.UnitTest\Library.UnitTest.csproj", "{EA062E7B-8451-47EA-AB8F-2F614BA475EB}"
EndProject
Project("{FAE04EC0-301F-11D3-BF4B-00C04F79EFBC}") = "Library.IntegrationTest", "Library.IntegrationTest\Library.IntegrationTest.csproj", "{38193C18-37A7-45A4-B85D-3458E878D236}"
EndProject
Global
	GlobalSection(SolutionConfigurationPlatforms) = preSolution
		Debug|Any CPU = Debug|Any CPU
		Release|Any CPU = Release|Any CPU
	EndGlobalSection
	GlobalSection(ProjectConfigurationPlatforms) = postSolution
		{753A2EAC-F376-435D-B567-493D5DB6FB0D}.Debug|Any CPU.ActiveCfg = Debug|Any CPU
		{753A2EAC-F376-435D-B567-493D5DB6FB0D}.Debug|Any CPU.Build.0 = Debug|Any CPU
		{753A2EAC-F376-435D-B567-493D5DB6FB0D}.Release|Any CPU.ActiveCfg = Release|Any CPU
		{753A2EAC-F376-435D-B567-493D5DB6FB0D}.Release|Any CPU.Build.0 = Release|Any CPU
		{ED4532F1-2FFC-48D3-91DD-952897091D71}.Debug|Any CPU.ActiveCfg = Debug|Any CPU
		{ED4532F1-2FFC-48D3-91DD-952897091D71}.Debug|Any CPU.Build.0 = Debug|Any CPU
		{ED4532F1-2FFC-48D3-91DD-952897091D71}.Release|Any CPU.ActiveCfg = Release|Any CPU
		{ED4532F1-2FFC-48D3-91DD-952897091D71}.Release|Any CPU.Build.0 = Release|Any CPU
		{83139C19-D81B-4C94-BC88-15C1C4F7162C}.Debug|Any CPU.ActiveCfg = Debug|Any CPU
		{83139C19-D81B-4C94-BC88-15C1C4F7162C}.Debug|Any CPU.Build.0 = Debug|Any CPU
		{83139C19-D81B-4C94-BC88-15C1C4F7162C}.Release|Any CPU.ActiveCfg = Release|Any CPU
		{83139C19-D81B-4C94-BC88-15C1C4F7162C}.Release|Any CPU.Build.0 = Release|Any CPU
		{EA062E7B-8451-47EA-AB8F-2F614BA475EB}.Debug|Any CPU.ActiveCfg = Debug|Any CPU
		{EA062E7B-8451-47EA-AB8F-2F614BA475EB}.Debug|Any CPU.Build.0 = Debug|Any CPU
		{EA062E7B-8451-47EA-AB8F-2F614BA475EB}.Release|Any CPU.ActiveCfg = Release|Any CPU
		{EA062E7B-8451-47EA-AB8F-2F614BA475EB}.Release|Any CPU.Build.0 = Release|Any CPU
		{38193C18-37A7-45A4-B85D-3458E878D236}.Debug|Any CPU.ActiveCfg = Debug|Any CPU
		{38193C18-37A7-45A4-B85D-3458E878D236}.Debug|Any CPU.Build.0 = Debug|Any CPU
		{38193C18-37A7-45A4-B85D-3458E878D236}.Release|Any CPU.ActiveCfg = Release|Any CPU
		{38193C18-37A7-45A4-B85D-3458E878D236}.Release|Any CPU.Build.0 = Release|Any CPU
	EndGlobalSection
	GlobalSection(SolutionProperties) = preSolution
		HideSolutionNode = FALSE
	EndGlobalSection
	GlobalSection(NestedProjects) = preSolution
		{EA062E7B-8451-47EA-AB8F-2F614BA475EB} = {9E061A7D-8A94-4200-A57D-13357E6DB7E0}
		{38193C18-37A7-45A4-B85D-3458E878D236} = {9E061A7D-8A94-4200-A57D-13357E6DB7E0}
	EndGlobalSection
	GlobalSection(ExtensibilityGlobals) = postSolution
		SolutionGuid = {77162441-EB47-4B1A-AE4A-B5074115F74D}
	EndGlobalSection
EndGlobal
